
Microsoft Visual Studio Solution File, Format Version 12.00
# Visual Studio 2015
Project("{FAE04EC0-301F-11D3-BF4B-00C04F79EFBC}") = "MindCounter_170111.CSharp", "MindCounter_170111.CSharp.csproj", "{40A21593-1FAE-A718-5544-F6DAD6652EDA}"
EndProject
Global
	GlobalSection(SolutionConfigurationPlatforms) = preSolution
		Debug|Any CPU = Debug|Any CPU
		Release|Any CPU = Release|Any CPU
	EndGlobalSection
	GlobalSection(ProjectConfigurationPlatforms) = postSolution
		{40A21593-1FAE-A718-5544-F6DAD6652EDA}.Debug|Any CPU.ActiveCfg = Debug|Any CPU
		{40A21593-1FAE-A718-5544-F6DAD6652EDA}.Debug|Any CPU.Build.0 = Debug|Any CPU
		{40A21593-1FAE-A718-5544-F6DAD6652EDA}.Release|Any CPU.ActiveCfg = Release|Any CPU
		{40A21593-1FAE-A718-5544-F6DAD6652EDA}.Release|Any CPU.Build.0 = Release|Any CPU
	EndGlobalSection
	GlobalSection(SolutionProperties) = preSolution
		HideSolutionNode = FALSE
	EndGlobalSection
EndGlobal
