Microsoft Visual Studio Solution File, Format Version 11.00
# Visual Studio 2008

Project("{21530E2D-FE70-5556-51C8-173062E20520}") = "MindCounter_170112", "Assembly-CSharp.csproj", "{6F014CCD-6614-93B8-DB9F-67C32F6A9C38}"
EndProject
Global
	GlobalSection(SolutionConfigurationPlatforms) = preSolution
		Debug|Any CPU = Debug|Any CPU
		Release|Any CPU = Release|Any CPU
	EndGlobalSection
	GlobalSection(ProjectConfigurationPlatforms) = postSolution
		{6F014CCD-6614-93B8-DB9F-67C32F6A9C38}.Debug|Any CPU.ActiveCfg = Debug|Any CPU
		{6F014CCD-6614-93B8-DB9F-67C32F6A9C38}.Debug|Any CPU.Build.0 = Debug|Any CPU
		{6F014CCD-6614-93B8-DB9F-67C32F6A9C38}.Release|Any CPU.ActiveCfg = Release|Any CPU
		{6F014CCD-6614-93B8-DB9F-67C32F6A9C38}.Release|Any CPU.Build.0 = Release|Any CPU
	EndGlobalSection
	GlobalSection(SolutionProperties) = preSolution
		HideSolutionNode = FALSE
	EndGlobalSection
	GlobalSection(MonoDevelopProperties) = preSolution
		StartupItem = Assembly-CSharp.csproj
	EndGlobalSection
EndGlobal
