
Microsoft Visual Studio Solution File, Format Version 12.00
# Visual Studio 2015
Project("{FAE04EC0-301F-11D3-BF4B-00C04F79EFBC}") = "MindCounter_170131.CSharp", "MindCounter_170131.CSharp.csproj", "{6B61870E-44C2-59AF-D700-77CDBC287EAC}"
EndProject
Global
	GlobalSection(SolutionConfigurationPlatforms) = preSolution
		Debug|Any CPU = Debug|Any CPU
		Release|Any CPU = Release|Any CPU
	EndGlobalSection
	GlobalSection(ProjectConfigurationPlatforms) = postSolution
		{6B61870E-44C2-59AF-D700-77CDBC287EAC}.Debug|Any CPU.ActiveCfg = Debug|Any CPU
		{6B61870E-44C2-59AF-D700-77CDBC287EAC}.Debug|Any CPU.Build.0 = Debug|Any CPU
		{6B61870E-44C2-59AF-D700-77CDBC287EAC}.Release|Any CPU.ActiveCfg = Release|Any CPU
		{6B61870E-44C2-59AF-D700-77CDBC287EAC}.Release|Any CPU.Build.0 = Release|Any CPU
	EndGlobalSection
	GlobalSection(SolutionProperties) = preSolution
		HideSolutionNode = FALSE
	EndGlobalSection
EndGlobal
